// !$*UTF8*$!
{
	archiveVersion = 1;
	classes = {
	};
	objectVersion = 46;
	objects = {

/* Begin PBXBuildFile section */
		2028905F1C871FB4005BF76C /* NoTipsViewCell.m in Sources */ = {isa = PBXBuildFile; fileRef = 2028905D1C871FB4005BF76C /* NoTipsViewCell.m */; settings = {ASSET_TAGS = (); }; };
		202890601C871FB4005BF76C /* NoTipsViewCell.xib in Resources */ = {isa = PBXBuildFile; fileRef = 2028905E1C871FB4005BF76C /* NoTipsViewCell.xib */; settings = {ASSET_TAGS = (); }; };
		2028906B1C873079005BF76C /* ProgressHUD.bundle in Resources */ = {isa = PBXBuildFile; fileRef = 2028906A1C873079005BF76C /* ProgressHUD.bundle */; settings = {ASSET_TAGS = (); }; };
		2028906E1C87307D005BF76C /* ProgressHUD.m in Sources */ = {isa = PBXBuildFile; fileRef = 2028906D1C87307D005BF76C /* ProgressHUD.m */; settings = {ASSET_TAGS = (); }; };
		20464C231C75C43600A5E262 /* main.m in Sources */ = {isa = PBXBuildFile; fileRef = 20464C221C75C43600A5E262 /* main.m */; };
		20464C261C75C43600A5E262 /* AppDelegate.m in Sources */ = {isa = PBXBuildFile; fileRef = 20464C251C75C43600A5E262 /* AppDelegate.m */; };
		20464C291C75C43600A5E262 /* Tab1ViewController.m in Sources */ = {isa = PBXBuildFile; fileRef = 20464C281C75C43600A5E262 /* Tab1ViewController.m */; };
		20464C2C1C75C43600A5E262 /* Main.storyboard in Resources */ = {isa = PBXBuildFile; fileRef = 20464C2A1C75C43600A5E262 /* Main.storyboard */; };
		20464C2E1C75C43600A5E262 /* Assets.xcassets in Resources */ = {isa = PBXBuildFile; fileRef = 20464C2D1C75C43600A5E262 /* Assets.xcassets */; };
		20464C311C75C43600A5E262 /* LaunchScreen.storyboard in Resources */ = {isa = PBXBuildFile; fileRef = 20464C2F1C75C43600A5E262 /* LaunchScreen.storyboard */; };
		20464C3C1C75C43600A5E262 /* GODemoTests.m in Sources */ = {isa = PBXBuildFile; fileRef = 20464C3B1C75C43600A5E262 /* GODemoTests.m */; };
		20464C471C75C43600A5E262 /* GODemoUITests.m in Sources */ = {isa = PBXBuildFile; fileRef = 20464C461C75C43600A5E262 /* GODemoUITests.m */; };
		20464C5D1C75D8A600A5E262 /* CoreLocation.framework in Frameworks */ = {isa = PBXBuildFile; fileRef = 20464C5C1C75D8A600A5E262 /* CoreLocation.framework */; };
		20464C5F1C75D8AE00A5E262 /* Security.framework in Frameworks */ = {isa = PBXBuildFile; fileRef = 20464C5E1C75D8AE00A5E262 /* Security.framework */; };
		20464C611C75D8B500A5E262 /* CoreGraphics.framework in Frameworks */ = {isa = PBXBuildFile; fileRef = 20464C601C75D8B500A5E262 /* CoreGraphics.framework */; };
		20464C631C75D8BF00A5E262 /* MobileCoreServices.framework in Frameworks */ = {isa = PBXBuildFile; fileRef = 20464C621C75D8BF00A5E262 /* MobileCoreServices.framework */; };
		20464C651C75D8C800A5E262 /* CFNetwork.framework in Frameworks */ = {isa = PBXBuildFile; fileRef = 20464C641C75D8C800A5E262 /* CFNetwork.framework */; };
		20464C671C75D8D000A5E262 /* CoreTelephony.framework in Frameworks */ = {isa = PBXBuildFile; fileRef = 20464C661C75D8D000A5E262 /* CoreTelephony.framework */; };
		20464C691C75D8DA00A5E262 /* SystemConfiguration.framework in Frameworks */ = {isa = PBXBuildFile; fileRef = 20464C681C75D8DA00A5E262 /* SystemConfiguration.framework */; };
		20464C6B1C75D8E700A5E262 /* libz.1.2.5.tbd in Frameworks */ = {isa = PBXBuildFile; fileRef = 20464C6A1C75D8E700A5E262 /* libz.1.2.5.tbd */; };
		20464C6D1C75D8F000A5E262 /* libicucore.tbd in Frameworks */ = {isa = PBXBuildFile; fileRef = 20464C6C1C75D8F000A5E262 /* libicucore.tbd */; };
		20464C6F1C75D90700A5E262 /* libsqlite3.tbd in Frameworks */ = {isa = PBXBuildFile; fileRef = 20464C6E1C75D90700A5E262 /* libsqlite3.tbd */; };
		20464C711C75D90E00A5E262 /* AVFoundation.framework in Frameworks */ = {isa = PBXBuildFile; fileRef = 20464C701C75D90E00A5E262 /* AVFoundation.framework */; };
		20464C731C75D91500A5E262 /* MediaPlayer.framework in Frameworks */ = {isa = PBXBuildFile; fileRef = 20464C721C75D91500A5E262 /* MediaPlayer.framework */; };
		20464C751C75DBC100A5E262 /* BmobSDK.framework in Frameworks */ = {isa = PBXBuildFile; fileRef = 20464C741C75DBC100A5E262 /* BmobSDK.framework */; settings = {ASSET_TAGS = (); }; };
		20464C7E1C75DD4900A5E262 /* TipsModel.m in Sources */ = {isa = PBXBuildFile; fileRef = 20464C7D1C75DD4900A5E262 /* TipsModel.m */; settings = {ASSET_TAGS = (); }; };
		20464C841C75FA9A00A5E262 /* TipsTableViewController.m in Sources */ = {isa = PBXBuildFile; fileRef = 20464C831C75FA9A00A5E262 /* TipsTableViewController.m */; settings = {ASSET_TAGS = (); }; };
		20D9C9C81C77338000A0A017 /* AddEditTipsViewController.m in Sources */ = {isa = PBXBuildFile; fileRef = 20D9C9C71C77338000A0A017 /* AddEditTipsViewController.m */; settings = {ASSET_TAGS = (); }; };
		20E785E51C886C8600715BDD /* AnniversaryCell.m in Sources */ = {isa = PBXBuildFile; fileRef = 20E785E31C886C8600715BDD /* AnniversaryCell.m */; settings = {ASSET_TAGS = (); }; };
		20E785E61C886C8600715BDD /* AnniversaryCell.xib in Resources */ = {isa = PBXBuildFile; fileRef = 20E785E41C886C8600715BDD /* AnniversaryCell.xib */; settings = {ASSET_TAGS = (); }; };
		20E785E91C8885FB00715BDD /* AnniversaryModel.m in Sources */ = {isa = PBXBuildFile; fileRef = 20E785E81C8885FB00715BDD /* AnniversaryModel.m */; settings = {ASSET_TAGS = (); }; };
/* End PBXBuildFile section */

/* Begin PBXContainerItemProxy section */
		20464C381C75C43600A5E262 /* PBXContainerItemProxy */ = {
			isa = PBXContainerItemProxy;
			containerPortal = 20464C161C75C43600A5E262 /* Project object */;
			proxyType = 1;
			remoteGlobalIDString = 20464C1D1C75C43600A5E262;
			remoteInfo = GODemo;
		};
		20464C431C75C43600A5E262 /* PBXContainerItemProxy */ = {
			isa = PBXContainerItemProxy;
			containerPortal = 20464C161C75C43600A5E262 /* Project object */;
			proxyType = 1;
			remoteGlobalIDString = 20464C1D1C75C43600A5E262;
			remoteInfo = GODemo;
		};
/* End PBXContainerItemProxy section */

/* Begin PBXFileReference section */
		2028905C1C871FB4005BF76C /* NoTipsViewCell.h */ = {isa = PBXFileReference; fileEncoding = 4; lastKnownFileType = sourcecode.c.h; path = NoTipsViewCell.h; sourceTree = "<group>"; };
		2028905D1C871FB4005BF76C /* NoTipsViewCell.m */ = {isa = PBXFileReference; fileEncoding = 4; lastKnownFileType = sourcecode.c.objc; path = NoTipsViewCell.m; sourceTree = "<group>"; };
		2028905E1C871FB4005BF76C /* NoTipsViewCell.xib */ = {isa = PBXFileReference; fileEncoding = 4; lastKnownFileType = file.xib; path = NoTipsViewCell.xib; sourceTree = "<group>"; };
		2028906A1C873079005BF76C /* ProgressHUD.bundle */ = {isa = PBXFileReference; lastKnownFileType = "wrapper.plug-in"; path = ProgressHUD.bundle; sourceTree = "<group>"; };
		2028906C1C87307D005BF76C /* ProgressHUD.h */ = {isa = PBXFileReference; fileEncoding = 4; lastKnownFileType = sourcecode.c.h; path = ProgressHUD.h; sourceTree = "<group>"; };
		2028906D1C87307D005BF76C /* ProgressHUD.m */ = {isa = PBXFileReference; fileEncoding = 4; lastKnownFileType = sourcecode.c.objc; path = ProgressHUD.m; sourceTree = "<group>"; };
		20464C1E1C75C43600A5E262 /* GODemo.app */ = {isa = PBXFileReference; explicitFileType = wrapper.application; includeInIndex = 0; path = GODemo.app; sourceTree = BUILT_PRODUCTS_DIR; };
		20464C221C75C43600A5E262 /* main.m */ = {isa = PBXFileReference; lastKnownFileType = sourcecode.c.objc; path = main.m; sourceTree = "<group>"; };
		20464C241C75C43600A5E262 /* AppDelegate.h */ = {isa = PBXFileReference; lastKnownFileType = sourcecode.c.h; path = AppDelegate.h; sourceTree = "<group>"; };
		20464C251C75C43600A5E262 /* AppDelegate.m */ = {isa = PBXFileReference; lastKnownFileType = sourcecode.c.objc; path = AppDelegate.m; sourceTree = "<group>"; };
		20464C271C75C43600A5E262 /* Tab1ViewController.h */ = {isa = PBXFileReference; lastKnownFileType = sourcecode.c.h; path = Tab1ViewController.h; sourceTree = "<group>"; };
		20464C281C75C43600A5E262 /* Tab1ViewController.m */ = {isa = PBXFileReference; lastKnownFileType = sourcecode.c.objc; path = Tab1ViewController.m; sourceTree = "<group>"; };
		20464C2B1C75C43600A5E262 /* Base */ = {isa = PBXFileReference; lastKnownFileType = file.storyboard; name = Base; path = Base.lproj/Main.storyboard; sourceTree = "<group>"; };
		20464C2D1C75C43600A5E262 /* Assets.xcassets */ = {isa = PBXFileReference; lastKnownFileType = folder.assetcatalog; path = Assets.xcassets; sourceTree = "<group>"; };
		20464C301C75C43600A5E262 /* Base */ = {isa = PBXFileReference; lastKnownFileType = file.storyboard; name = Base; path = Base.lproj/LaunchScreen.storyboard; sourceTree = "<group>"; };
		20464C321C75C43600A5E262 /* Info.plist */ = {isa = PBXFileReference; lastKnownFileType = text.plist.xml; path = Info.plist; sourceTree = "<group>"; };
		20464C371C75C43600A5E262 /* GODemoTests.xctest */ = {isa = PBXFileReference; explicitFileType = wrapper.cfbundle; includeInIndex = 0; path = GODemoTests.xctest; sourceTree = BUILT_PRODUCTS_DIR; };
		20464C3B1C75C43600A5E262 /* GODemoTests.m */ = {isa = PBXFileReference; lastKnownFileType = sourcecode.c.objc; path = GODemoTests.m; sourceTree = "<group>"; };
		20464C3D1C75C43600A5E262 /* Info.plist */ = {isa = PBXFileReference; lastKnownFileType = text.plist.xml; path = Info.plist; sourceTree = "<group>"; };
		20464C421C75C43600A5E262 /* GODemoUITests.xctest */ = {isa = PBXFileReference; explicitFileType = wrapper.cfbundle; includeInIndex = 0; path = GODemoUITests.xctest; sourceTree = BUILT_PRODUCTS_DIR; };
		20464C461C75C43600A5E262 /* GODemoUITests.m */ = {isa = PBXFileReference; lastKnownFileType = sourcecode.c.objc; path = GODemoUITests.m; sourceTree = "<group>"; };
		20464C481C75C43600A5E262 /* Info.plist */ = {isa = PBXFileReference; lastKnownFileType = text.plist.xml; path = Info.plist; sourceTree = "<group>"; };
		20464C5C1C75D8A600A5E262 /* CoreLocation.framework */ = {isa = PBXFileReference; lastKnownFileType = wrapper.framework; name = CoreLocation.framework; path = System/Library/Frameworks/CoreLocation.framework; sourceTree = SDKROOT; };
		20464C5E1C75D8AE00A5E262 /* Security.framework */ = {isa = PBXFileReference; lastKnownFileType = wrapper.framework; name = Security.framework; path = System/Library/Frameworks/Security.framework; sourceTree = SDKROOT; };
		20464C601C75D8B500A5E262 /* CoreGraphics.framework */ = {isa = PBXFileReference; lastKnownFileType = wrapper.framework; name = CoreGraphics.framework; path = System/Library/Frameworks/CoreGraphics.framework; sourceTree = SDKROOT; };
		20464C621C75D8BF00A5E262 /* MobileCoreServices.framework */ = {isa = PBXFileReference; lastKnownFileType = wrapper.framework; name = MobileCoreServices.framework; path = System/Library/Frameworks/MobileCoreServices.framework; sourceTree = SDKROOT; };
		20464C641C75D8C800A5E262 /* CFNetwork.framework */ = {isa = PBXFileReference; lastKnownFileType = wrapper.framework; name = CFNetwork.framework; path = System/Library/Frameworks/CFNetwork.framework; sourceTree = SDKROOT; };
		20464C661C75D8D000A5E262 /* CoreTelephony.framework */ = {isa = PBXFileReference; lastKnownFileType = wrapper.framework; name = CoreTelephony.framework; path = System/Library/Frameworks/CoreTelephony.framework; sourceTree = SDKROOT; };
		20464C681C75D8DA00A5E262 /* SystemConfiguration.framework */ = {isa = PBXFileReference; lastKnownFileType = wrapper.framework; name = SystemConfiguration.framework; path = System/Library/Frameworks/SystemConfiguration.framework; sourceTree = SDKROOT; };
		20464C6A1C75D8E700A5E262 /* libz.1.2.5.tbd */ = {isa = PBXFileReference; lastKnownFileType = "sourcecode.text-based-dylib-definition"; name = libz.1.2.5.tbd; path = usr/lib/libz.1.2.5.tbd; sourceTree = SDKROOT; };
		20464C6C1C75D8F000A5E262 /* libicucore.tbd */ = {isa = PBXFileReference; lastKnownFileType = "sourcecode.text-based-dylib-definition"; name = libicucore.tbd; path = usr/lib/libicucore.tbd; sourceTree = SDKROOT; };
		20464C6E1C75D90700A5E262 /* libsqlite3.tbd */ = {isa = PBXFileReference; lastKnownFileType = "sourcecode.text-based-dylib-definition"; name = libsqlite3.tbd; path = usr/lib/libsqlite3.tbd; sourceTree = SDKROOT; };
		20464C701C75D90E00A5E262 /* AVFoundation.framework */ = {isa = PBXFileReference; lastKnownFileType = wrapper.framework; name = AVFoundation.framework; path = System/Library/Frameworks/AVFoundation.framework; sourceTree = SDKROOT; };
		20464C721C75D91500A5E262 /* MediaPlayer.framework */ = {isa = PBXFileReference; lastKnownFileType = wrapper.framework; name = MediaPlayer.framework; path = System/Library/Frameworks/MediaPlayer.framework; sourceTree = SDKROOT; };
		20464C741C75DBC100A5E262 /* BmobSDK.framework */ = {isa = PBXFileReference; lastKnownFileType = wrapper.framework; path = BmobSDK.framework; sourceTree = "<group>"; };
		20464C7C1C75DD4900A5E262 /* TipsModel.h */ = {isa = PBXFileReference; fileEncoding = 4; lastKnownFileType = sourcecode.c.h; name = TipsModel.h; path = ../TipsModel.h; sourceTree = "<group>"; };
		20464C7D1C75DD4900A5E262 /* TipsModel.m */ = {isa = PBXFileReference; fileEncoding = 4; lastKnownFileType = sourcecode.c.objc; name = TipsModel.m; path = ../TipsModel.m; sourceTree = "<group>"; };
		20464C821C75FA9A00A5E262 /* TipsTableViewController.h */ = {isa = PBXFileReference; fileEncoding = 4; lastKnownFileType = sourcecode.c.h; name = TipsTableViewController.h; path = ../TipsTableViewController.h; sourceTree = "<group>"; };
		20464C831C75FA9A00A5E262 /* TipsTableViewController.m */ = {isa = PBXFileReference; fileEncoding = 4; lastKnownFileType = sourcecode.c.objc; name = TipsTableViewController.m; path = ../TipsTableViewController.m; sourceTree = "<group>"; };
		20D9C9C61C77338000A0A017 /* AddEditTipsViewController.h */ = {isa = PBXFileReference; fileEncoding = 4; lastKnownFileType = sourcecode.c.h; path = AddEditTipsViewController.h; sourceTree = "<group>"; };
		20D9C9C71C77338000A0A017 /* AddEditTipsViewController.m */ = {isa = PBXFileReference; fileEncoding = 4; lastKnownFileType = sourcecode.c.objc; path = AddEditTipsViewController.m; sourceTree = "<group>"; };
		20E785E21C886C8600715BDD /* AnniversaryCell.h */ = {isa = PBXFileReference; fileEncoding = 4; lastKnownFileType = sourcecode.c.h; path = AnniversaryCell.h; sourceTree = "<group>"; };
		20E785E31C886C8600715BDD /* AnniversaryCell.m */ = {isa = PBXFileReference; fileEncoding = 4; lastKnownFileType = sourcecode.c.objc; path = AnniversaryCell.m; sourceTree = "<group>"; };
		20E785E41C886C8600715BDD /* AnniversaryCell.xib */ = {isa = PBXFileReference; fileEncoding = 4; lastKnownFileType = file.xib; path = AnniversaryCell.xib; sourceTree = "<group>"; };
		20E785E71C8885FB00715BDD /* AnniversaryModel.h */ = {isa = PBXFileReference; fileEncoding = 4; lastKnownFileType = sourcecode.c.h; path = AnniversaryModel.h; sourceTree = "<group>"; };
		20E785E81C8885FB00715BDD /* AnniversaryModel.m */ = {isa = PBXFileReference; fileEncoding = 4; lastKnownFileType = sourcecode.c.objc; path = AnniversaryModel.m; sourceTree = "<group>"; };
/* End PBXFileReference section */

/* Begin PBXFrameworksBuildPhase section */
		20464C1B1C75C43600A5E262 /* Frameworks */ = {
			isa = PBXFrameworksBuildPhase;
			buildActionMask = 2147483647;
			files = (
				20464C731C75D91500A5E262 /* MediaPlayer.framework in Frameworks */,
				20464C711C75D90E00A5E262 /* AVFoundation.framework in Frameworks */,
				20464C6F1C75D90700A5E262 /* libsqlite3.tbd in Frameworks */,
				20464C6D1C75D8F000A5E262 /* libicucore.tbd in Frameworks */,
				20464C6B1C75D8E700A5E262 /* libz.1.2.5.tbd in Frameworks */,
				20464C691C75D8DA00A5E262 /* SystemConfiguration.framework in Frameworks */,
				20464C751C75DBC100A5E262 /* BmobSDK.framework in Frameworks */,
				20464C671C75D8D000A5E262 /* CoreTelephony.framework in Frameworks */,
				20464C651C75D8C800A5E262 /* CFNetwork.framework in Frameworks */,
				20464C631C75D8BF00A5E262 /* MobileCoreServices.framework in Frameworks */,
				20464C611C75D8B500A5E262 /* CoreGraphics.framework in Frameworks */,
				20464C5F1C75D8AE00A5E262 /* Security.framework in Frameworks */,
				20464C5D1C75D8A600A5E262 /* CoreLocation.framework in Frameworks */,
			);
			runOnlyForDeploymentPostprocessing = 0;
		};
		20464C341C75C43600A5E262 /* Frameworks */ = {
			isa = PBXFrameworksBuildPhase;
			buildActionMask = 2147483647;
			files = (
			);
			runOnlyForDeploymentPostprocessing = 0;
		};
		20464C3F1C75C43600A5E262 /* Frameworks */ = {
			isa = PBXFrameworksBuildPhase;
			buildActionMask = 2147483647;
			files = (
			);
			runOnlyForDeploymentPostprocessing = 0;
		};
/* End PBXFrameworksBuildPhase section */

/* Begin PBXGroup section */
		202890611C8728B3005BF76C /* GoDemo */ = {
			isa = PBXGroup;
			children = (
				20464C201C75C43600A5E262 /* GODemo */,
			);
			name = GoDemo;
			sourceTree = "<group>";
		};
		202890621C8728E0005BF76C /* 提醒纪念日界面 */ = {
			isa = PBXGroup;
			children = (
				20464C581C75D6A100A5E262 /* Models */,
				20464C571C75D69700A5E262 /* Views */,
				20464C541C75C48100A5E262 /* Controllers */,
				20464C561C75C4A000A5E262 /* Others */,
			);
			name = "提醒纪念日界面";
			sourceTree = "<group>";
		};
		202890631C8728F8005BF76C /* HUD */ = {
			isa = PBXGroup;
			children = (
				2028906C1C87307D005BF76C /* ProgressHUD.h */,
				2028906D1C87307D005BF76C /* ProgressHUD.m */,
			);
			name = HUD;
			sourceTree = "<group>";
		};
		20464C151C75C43600A5E262 = {
			isa = PBXGroup;
			children = (
				202890611C8728B3005BF76C /* GoDemo */,
				20464C3A1C75C43600A5E262 /* GODemoTests */,
				20464C451C75C43600A5E262 /* GODemoUITests */,
				20464C1F1C75C43600A5E262 /* Products */,
			);
			sourceTree = "<group>";
		};
		20464C1F1C75C43600A5E262 /* Products */ = {
			isa = PBXGroup;
			children = (
				20464C1E1C75C43600A5E262 /* GODemo.app */,
				20464C371C75C43600A5E262 /* GODemoTests.xctest */,
				20464C421C75C43600A5E262 /* GODemoUITests.xctest */,
			);
			name = Products;
			sourceTree = "<group>";
		};
		20464C201C75C43600A5E262 /* GODemo */ = {
			isa = PBXGroup;
			children = (
				202890631C8728F8005BF76C /* HUD */,
				202890621C8728E0005BF76C /* 提醒纪念日界面 */,
				20464C551C75C49600A5E262 /* AppDelegate */,
				20464C591C75D6E900A5E262 /* Frameworks */,
				20464C211C75C43600A5E262 /* Supporting Files */,
			);
			path = GODemo;
			sourceTree = "<group>";
		};
		20464C211C75C43600A5E262 /* Supporting Files */ = {
			isa = PBXGroup;
			children = (
				20464C221C75C43600A5E262 /* main.m */,
			);
			name = "Supporting Files";
			sourceTree = "<group>";
		};
		20464C3A1C75C43600A5E262 /* GODemoTests */ = {
			isa = PBXGroup;
			children = (
				20464C3B1C75C43600A5E262 /* GODemoTests.m */,
				20464C3D1C75C43600A5E262 /* Info.plist */,
			);
			path = GODemoTests;
			sourceTree = "<group>";
		};
		20464C451C75C43600A5E262 /* GODemoUITests */ = {
			isa = PBXGroup;
			children = (
				20464C461C75C43600A5E262 /* GODemoUITests.m */,
				20464C481C75C43600A5E262 /* Info.plist */,
			);
			path = GODemoUITests;
			sourceTree = "<group>";
		};
		20464C541C75C48100A5E262 /* Controllers */ = {
			isa = PBXGroup;
			children = (
				20464C271C75C43600A5E262 /* Tab1ViewController.h */,
				20464C281C75C43600A5E262 /* Tab1ViewController.m */,
				20464C821C75FA9A00A5E262 /* TipsTableViewController.h */,
				20464C831C75FA9A00A5E262 /* TipsTableViewController.m */,
				20D9C9C61C77338000A0A017 /* AddEditTipsViewController.h */,
				20D9C9C71C77338000A0A017 /* AddEditTipsViewController.m */,
			);
			name = Controllers;
			sourceTree = "<group>";
		};
		20464C551C75C49600A5E262 /* AppDelegate */ = {
			isa = PBXGroup;
			children = (
				20464C241C75C43600A5E262 /* AppDelegate.h */,
				20464C251C75C43600A5E262 /* AppDelegate.m */,
			);
			name = AppDelegate;
			sourceTree = "<group>";
		};
		20464C561C75C4A000A5E262 /* Others */ = {
			isa = PBXGroup;
			children = (
				20464C2D1C75C43600A5E262 /* Assets.xcassets */,
				20464C2F1C75C43600A5E262 /* LaunchScreen.storyboard */,
				20464C321C75C43600A5E262 /* Info.plist */,
				20464C2A1C75C43600A5E262 /* Main.storyboard */,
			);
			name = Others;
			sourceTree = "<group>";
		};
		20464C571C75D69700A5E262 /* Views */ = {
			isa = PBXGroup;
			children = (
				2028905C1C871FB4005BF76C /* NoTipsViewCell.h */,
				2028905D1C871FB4005BF76C /* NoTipsViewCell.m */,
				2028905E1C871FB4005BF76C /* NoTipsViewCell.xib */,
				20E785E21C886C8600715BDD /* AnniversaryCell.h */,
				20E785E31C886C8600715BDD /* AnniversaryCell.m */,
				20E785E41C886C8600715BDD /* AnniversaryCell.xib */,
			);
			name = Views;
			sourceTree = "<group>";
		};
		20464C581C75D6A100A5E262 /* Models */ = {
			isa = PBXGroup;
			children = (
				20464C7C1C75DD4900A5E262 /* TipsModel.h */,
				20464C7D1C75DD4900A5E262 /* TipsModel.m */,
				20E785E71C8885FB00715BDD /* AnniversaryModel.h */,
				20E785E81C8885FB00715BDD /* AnniversaryModel.m */,
			);
			name = Models;
			sourceTree = "<group>";
		};
		20464C591C75D6E900A5E262 /* Frameworks */ = {
			isa = PBXGroup;
			children = (
				2028906A1C873079005BF76C /* ProgressHUD.bundle */,
				20464C741C75DBC100A5E262 /* BmobSDK.framework */,
				20464C721C75D91500A5E262 /* MediaPlayer.framework */,
				20464C701C75D90E00A5E262 /* AVFoundation.framework */,
				20464C6E1C75D90700A5E262 /* libsqlite3.tbd */,
				20464C6C1C75D8F000A5E262 /* libicucore.tbd */,
				20464C6A1C75D8E700A5E262 /* libz.1.2.5.tbd */,
				20464C681C75D8DA00A5E262 /* SystemConfiguration.framework */,
				20464C661C75D8D000A5E262 /* CoreTelephony.framework */,
				20464C641C75D8C800A5E262 /* CFNetwork.framework */,
				20464C621C75D8BF00A5E262 /* MobileCoreServices.framework */,
				20464C601C75D8B500A5E262 /* CoreGraphics.framework */,
				20464C5E1C75D8AE00A5E262 /* Security.framework */,
				20464C5C1C75D8A600A5E262 /* CoreLocation.framework */,
			);
			name = Frameworks;
			sourceTree = "<group>";
		};
/* End PBXGroup section */

/* Begin PBXNativeTarget section */
		20464C1D1C75C43600A5E262 /* GODemo */ = {
			isa = PBXNativeTarget;
			buildConfigurationList = 20464C4B1C75C43600A5E262 /* Build configuration list for PBXNativeTarget "GODemo" */;
			buildPhases = (
				20464C1A1C75C43600A5E262 /* Sources */,
				20464C1B1C75C43600A5E262 /* Frameworks */,
				20464C1C1C75C43600A5E262 /* Resources */,
			);
			buildRules = (
			);
			dependencies = (
			);
			name = GODemo;
			productName = GODemo;
			productReference = 20464C1E1C75C43600A5E262 /* GODemo.app */;
			productType = "com.apple.product-type.application";
		};
		20464C361C75C43600A5E262 /* GODemoTests */ = {
			isa = PBXNativeTarget;
			buildConfigurationList = 20464C4E1C75C43600A5E262 /* Build configuration list for PBXNativeTarget "GODemoTests" */;
			buildPhases = (
				20464C331C75C43600A5E262 /* Sources */,
				20464C341C75C43600A5E262 /* Frameworks */,
				20464C351C75C43600A5E262 /* Resources */,
			);
			buildRules = (
			);
			dependencies = (
				20464C391C75C43600A5E262 /* PBXTargetDependency */,
			);
			name = GODemoTests;
			productName = GODemoTests;
			productReference = 20464C371C75C43600A5E262 /* GODemoTests.xctest */;
			productType = "com.apple.product-type.bundle.unit-test";
		};
		20464C411C75C43600A5E262 /* GODemoUITests */ = {
			isa = PBXNativeTarget;
			buildConfigurationList = 20464C511C75C43600A5E262 /* Build configuration list for PBXNativeTarget "GODemoUITests" */;
			buildPhases = (
				20464C3E1C75C43600A5E262 /* Sources */,
				20464C3F1C75C43600A5E262 /* Frameworks */,
				20464C401C75C43600A5E262 /* Resources */,
			);
			buildRules = (
			);
			dependencies = (
				20464C441C75C43600A5E262 /* PBXTargetDependency */,
			);
			name = GODemoUITests;
			productName = GODemoUITests;
			productReference = 20464C421C75C43600A5E262 /* GODemoUITests.xctest */;
			productType = "com.apple.product-type.bundle.ui-testing";
		};
/* End PBXNativeTarget section */

/* Begin PBXProject section */
		20464C161C75C43600A5E262 /* Project object */ = {
			isa = PBXProject;
			attributes = {
				LastUpgradeCheck = 0700;
				ORGANIZATIONNAME = "罗思聪";
				TargetAttributes = {
					20464C1D1C75C43600A5E262 = {
						CreatedOnToolsVersion = 7.0;
						DevelopmentTeam = E4X8NVTSHV;
					};
					20464C361C75C43600A5E262 = {
						CreatedOnToolsVersion = 7.0;
						DevelopmentTeam = E4X8NVTSHV;
						TestTargetID = 20464C1D1C75C43600A5E262;
					};
					20464C411C75C43600A5E262 = {
						CreatedOnToolsVersion = 7.0;
						DevelopmentTeam = E4X8NVTSHV;
						TestTargetID = 20464C1D1C75C43600A5E262;
					};
				};
			};
			buildConfigurationList = 20464C191C75C43600A5E262 /* Build configuration list for PBXProject "GODemo" */;
			compatibilityVersion = "Xcode 3.2";
			developmentRegion = English;
			hasScannedForEncodings = 0;
			knownRegions = (
				en,
				Base,
			);
			mainGroup = 20464C151C75C43600A5E262;
			productRefGroup = 20464C1F1C75C43600A5E262 /* Products */;
			projectDirPath = "";
			projectRoot = "";
			targets = (
				20464C1D1C75C43600A5E262 /* GODemo */,
				20464C361C75C43600A5E262 /* GODemoTests */,
				20464C411C75C43600A5E262 /* GODemoUITests */,
			);
		};
/* End PBXProject section */

/* Begin PBXResourcesBuildPhase section */
		20464C1C1C75C43600A5E262 /* Resources */ = {
			isa = PBXResourcesBuildPhase;
			buildActionMask = 2147483647;
			files = (
				20464C311C75C43600A5E262 /* LaunchScreen.storyboard in Resources */,
				20464C2E1C75C43600A5E262 /* Assets.xcassets in Resources */,
				20E785E61C886C8600715BDD /* AnniversaryCell.xib in Resources */,
				20464C2C1C75C43600A5E262 /* Main.storyboard in Resources */,
				2028906B1C873079005BF76C /* ProgressHUD.bundle in Resources */,
				202890601C871FB4005BF76C /* NoTipsViewCell.xib in Resources */,
			);
			runOnlyForDeploymentPostprocessing = 0;
		};
		20464C351C75C43600A5E262 /* Resources */ = {
			isa = PBXResourcesBuildPhase;
			buildActionMask = 2147483647;
			files = (
			);
			runOnlyForDeploymentPostprocessing = 0;
		};
		20464C401C75C43600A5E262 /* Resources */ = {
			isa = PBXResourcesBuildPhase;
			buildActionMask = 2147483647;
			files = (
			);
			runOnlyForDeploymentPostprocessing = 0;
		};
/* End PBXResourcesBuildPhase section */

/* Begin PBXSourcesBuildPhase section */
		20464C1A1C75C43600A5E262 /* Sources */ = {
			isa = PBXSourcesBuildPhase;
			buildActionMask = 2147483647;
			files = (
				20E785E51C886C8600715BDD /* AnniversaryCell.m in Sources */,
				2028905F1C871FB4005BF76C /* NoTipsViewCell.m in Sources */,
				20464C291C75C43600A5E262 /* Tab1ViewController.m in Sources */,
				20464C261C75C43600A5E262 /* AppDelegate.m in Sources */,
				20E785E91C8885FB00715BDD /* AnniversaryModel.m in Sources */,
				20D9C9C81C77338000A0A017 /* AddEditTipsViewController.m in Sources */,
				20464C231C75C43600A5E262 /* main.m in Sources */,
				20464C841C75FA9A00A5E262 /* TipsTableViewController.m in Sources */,
				2028906E1C87307D005BF76C /* ProgressHUD.m in Sources */,
				20464C7E1C75DD4900A5E262 /* TipsModel.m in Sources */,
			);
			runOnlyForDeploymentPostprocessing = 0;
		};
		20464C331C75C43600A5E262 /* Sources */ = {
			isa = PBXSourcesBuildPhase;
			buildActionMask = 2147483647;
			files = (
				20464C3C1C75C43600A5E262 /* GODemoTests.m in Sources */,
			);
			runOnlyForDeploymentPostprocessing = 0;
		};
		20464C3E1C75C43600A5E262 /* Sources */ = {
			isa = PBXSourcesBuildPhase;
			buildActionMask = 2147483647;
			files = (
				20464C471C75C43600A5E262 /* GODemoUITests.m in Sources */,
			);
			runOnlyForDeploymentPostprocessing = 0;
		};
/* End PBXSourcesBuildPhase section */

/* Begin PBXTargetDependency section */
		20464C391C75C43600A5E262 /* PBXTargetDependency */ = {
			isa = PBXTargetDependency;
			target = 20464C1D1C75C43600A5E262 /* GODemo */;
			targetProxy = 20464C381C75C43600A5E262 /* PBXContainerItemProxy */;
		};
		20464C441C75C43600A5E262 /* PBXTargetDependency */ = {
			isa = PBXTargetDependency;
			target = 20464C1D1C75C43600A5E262 /* GODemo */;
			targetProxy = 20464C431C75C43600A5E262 /* PBXContainerItemProxy */;
		};
/* End PBXTargetDependency section */

/* Begin PBXVariantGroup section */
		20464C2A1C75C43600A5E262 /* Main.storyboard */ = {
			isa = PBXVariantGroup;
			children = (
				20464C2B1C75C43600A5E262 /* Base */,
			);
			name = Main.storyboard;
			sourceTree = "<group>";
		};
		20464C2F1C75C43600A5E262 /* LaunchScreen.storyboard */ = {
			isa = PBXVariantGroup;
			children = (
				20464C301C75C43600A5E262 /* Base */,
			);
			name = LaunchScreen.storyboard;
			sourceTree = "<group>";
		};
/* End PBXVariantGroup section */

/* Begin XCBuildConfiguration section */
		20464C491C75C43600A5E262 /* Debug */ = {
			isa = XCBuildConfiguration;
			buildSettings = {
				ALWAYS_SEARCH_USER_PATHS = NO;
				CLANG_CXX_LANGUAGE_STANDARD = "gnu++0x";
				CLANG_CXX_LIBRARY = "libc++";
				CLANG_ENABLE_MODULES = YES;
				CLANG_ENABLE_OBJC_ARC = YES;
				CLANG_WARN_BOOL_CONVERSION = YES;
				CLANG_WARN_CONSTANT_CONVERSION = YES;
				CLANG_WARN_DIRECT_OBJC_ISA_USAGE = YES_ERROR;
				CLANG_WARN_EMPTY_BODY = YES;
				CLANG_WARN_ENUM_CONVERSION = YES;
				CLANG_WARN_INT_CONVERSION = YES;
				CLANG_WARN_OBJC_ROOT_CLASS = YES_ERROR;
				CLANG_WARN_UNREACHABLE_CODE = YES;
				CLANG_WARN__DUPLICATE_METHOD_MATCH = YES;
				"CODE_SIGN_IDENTITY[sdk=iphoneos*]" = "iPhone Developer";
				COPY_PHASE_STRIP = NO;
				DEBUG_INFORMATION_FORMAT = dwarf;
				ENABLE_STRICT_OBJC_MSGSEND = YES;
				ENABLE_TESTABILITY = YES;
				GCC_C_LANGUAGE_STANDARD = gnu99;
				GCC_DYNAMIC_NO_PIC = NO;
				GCC_NO_COMMON_BLOCKS = YES;
				GCC_OPTIMIZATION_LEVEL = 0;
				GCC_PREPROCESSOR_DEFINITIONS = (
					"DEBUG=1",
					"$(inherited)",
				);
				GCC_WARN_64_TO_32_BIT_CONVERSION = YES;
				GCC_WARN_ABOUT_RETURN_TYPE = YES_ERROR;
				GCC_WARN_UNDECLARED_SELECTOR = YES;
				GCC_WARN_UNINITIALIZED_AUTOS = YES_AGGRESSIVE;
				GCC_WARN_UNUSED_FUNCTION = YES;
				GCC_WARN_UNUSED_VARIABLE = YES;
				IPHONEOS_DEPLOYMENT_TARGET = 9.0;
				MTL_ENABLE_DEBUG_INFO = YES;
				ONLY_ACTIVE_ARCH = YES;
				SDKROOT = iphoneos;
			};
			name = Debug;
		};
		20464C4A1C75C43600A5E262 /* Release */ = {
			isa = XCBuildConfiguration;
			buildSettings = {
				ALWAYS_SEARCH_USER_PATHS = NO;
				CLANG_CXX_LANGUAGE_STANDARD = "gnu++0x";
				CLANG_CXX_LIBRARY = "libc++";
				CLANG_ENABLE_MODULES = YES;
				CLANG_ENABLE_OBJC_ARC = YES;
				CLANG_WARN_BOOL_CONVERSION = YES;
				CLANG_WARN_CONSTANT_CONVERSION = YES;
				CLANG_WARN_DIRECT_OBJC_ISA_USAGE = YES_ERROR;
				CLANG_WARN_EMPTY_BODY = YES;
				CLANG_WARN_ENUM_CONVERSION = YES;
				CLANG_WARN_INT_CONVERSION = YES;
				CLANG_WARN_OBJC_ROOT_CLASS = YES_ERROR;
				CLANG_WARN_UNREACHABLE_CODE = YES;
				CLANG_WARN__DUPLICATE_METHOD_MATCH = YES;
				"CODE_SIGN_IDENTITY[sdk=iphoneos*]" = "iPhone Developer";
				COPY_PHASE_STRIP = NO;
				DEBUG_INFORMATION_FORMAT = "dwarf-with-dsym";
				ENABLE_NS_ASSERTIONS = NO;
				ENABLE_STRICT_OBJC_MSGSEND = YES;
				GCC_C_LANGUAGE_STANDARD = gnu99;
				GCC_NO_COMMON_BLOCKS = YES;
				GCC_WARN_64_TO_32_BIT_CONVERSION = YES;
				GCC_WARN_ABOUT_RETURN_TYPE = YES_ERROR;
				GCC_WARN_UNDECLARED_SELECTOR = YES;
				GCC_WARN_UNINITIALIZED_AUTOS = YES_AGGRESSIVE;
				GCC_WARN_UNUSED_FUNCTION = YES;
				GCC_WARN_UNUSED_VARIABLE = YES;
				IPHONEOS_DEPLOYMENT_TARGET = 9.0;
				MTL_ENABLE_DEBUG_INFO = NO;
				SDKROOT = iphoneos;
				VALIDATE_PRODUCT = YES;
			};
			name = Release;
		};
		20464C4C1C75C43600A5E262 /* Debug */ = {
			isa = XCBuildConfiguration;
			buildSettings = {
				ASSETCATALOG_COMPILER_APPICON_NAME = AppIcon;
				FRAMEWORK_SEARCH_PATHS = (
					"$(inherited)",
					"$(PROJECT_DIR)/GODemo",
				);
				INFOPLIST_FILE = GODemo/Info.plist;
				LD_RUNPATH_SEARCH_PATHS = "$(inherited) @executable_path/Frameworks";
				PRODUCT_BUNDLE_IDENTIFIER = lsc.GODemo;
				PRODUCT_NAME = "$(TARGET_NAME)";
			};
			name = Debug;
		};
		20464C4D1C75C43600A5E262 /* Release */ = {
			isa = XCBuildConfiguration;
			buildSettings = {
				ASSETCATALOG_COMPILER_APPICON_NAME = AppIcon;
				FRAMEWORK_SEARCH_PATHS = (
					"$(inherited)",
					"$(PROJECT_DIR)/GODemo",
				);
				INFOPLIST_FILE = GODemo/Info.plist;
				LD_RUNPATH_SEARCH_PATHS = "$(inherited) @executable_path/Frameworks";
				PRODUCT_BUNDLE_IDENTIFIER = lsc.GODemo;
				PRODUCT_NAME = "$(TARGET_NAME)";
			};
			name = Release;
		};
		20464C4F1C75C43600A5E262 /* Debug */ = {
			isa = XCBuildConfiguration;
			buildSettings = {
				BUNDLE_LOADER = "$(TEST_HOST)";
				INFOPLIST_FILE = GODemoTests/Info.plist;
				LD_RUNPATH_SEARCH_PATHS = "$(inherited) @executable_path/Frameworks @loader_path/Frameworks";
				PRODUCT_BUNDLE_IDENTIFIER = lsc.GODemoTests;
				PRODUCT_NAME = "$(TARGET_NAME)";
				TEST_HOST = "$(BUILT_PRODUCTS_DIR)/GODemo.app/GODemo";
			};
			name = Debug;
		};
		20464C501C75C43600A5E262 /* Release */ = {
			isa = XCBuildConfiguration;
			buildSettings = {
				BUNDLE_LOADER = "$(TEST_HOST)";
				INFOPLIST_FILE = GODemoTests/Info.plist;
				LD_RUNPATH_SEARCH_PATHS = "$(inherited) @executable_path/Frameworks @loader_path/Frameworks";
				PRODUCT_BUNDLE_IDENTIFIER = lsc.GODemoTests;
				PRODUCT_NAME = "$(TARGET_NAME)";
				TEST_HOST = "$(BUILT_PRODUCTS_DIR)/GODemo.app/GODemo";
			};
			name = Release;
		};
		20464C521C75C43600A5E262 /* Debug */ = {
			isa = XCBuildConfiguration;
			buildSettings = {
				INFOPLIST_FILE = GODemoUITests/Info.plist;
				LD_RUNPATH_SEARCH_PATHS = "$(inherited) @executable_path/Frameworks @loader_path/Frameworks";
				PRODUCT_BUNDLE_IDENTIFIER = lsc.GODemoUITests;
				PRODUCT_NAME = "$(TARGET_NAME)";
				TEST_TARGET_NAME = GODemo;
				USES_XCTRUNNER = YES;
			};
			name = Debug;
		};
		20464C531C75C43600A5E262 /* Release */ = {
			isa = XCBuildConfiguration;
			buildSettings = {
				INFOPLIST_FILE = GODemoUITests/Info.plist;
				LD_RUNPATH_SEARCH_PATHS = "$(inherited) @executable_path/Frameworks @loader_path/Frameworks";
				PRODUCT_BUNDLE_IDENTIFIER = lsc.GODemoUITests;
				PRODUCT_NAME = "$(TARGET_NAME)";
				TEST_TARGET_NAME = GODemo;
				USES_XCTRUNNER = YES;
			};
			name = Release;
		};
/* End XCBuildConfiguration section */

/* Begin XCConfigurationList section */
		20464C191C75C43600A5E262 /* Build configuration list for PBXProject "GODemo" */ = {
			isa = XCConfigurationList;
			buildConfigurations = (
				20464C491C75C43600A5E262 /* Debug */,
				20464C4A1C75C43600A5E262 /* Release */,
			);
			defaultConfigurationIsVisible = 0;
			defaultConfigurationName = Release;
		};
		20464C4B1C75C43600A5E262 /* Build configuration list for PBXNativeTarget "GODemo" */ = {
			isa = XCConfigurationList;
			buildConfigurations = (
				20464C4C1C75C43600A5E262 /* Debug */,
				20464C4D1C75C43600A5E262 /* Release */,
			);
			defaultConfigurationIsVisible = 0;
			defaultConfigurationName = Release;
		};
		20464C4E1C75C43600A5E262 /* Build configuration list for PBXNativeTarget "GODemoTests" */ = {
			isa = XCConfigurationList;
			buildConfigurations = (
				20464C4F1C75C43600A5E262 /* Debug */,
				20464C501C75C43600A5E262 /* Release */,
			);
			defaultConfigurationIsVisible = 0;
			defaultConfigurationName = Release;
		};
		20464C511C75C43600A5E262 /* Build configuration list for PBXNativeTarget "GODemoUITests" */ = {
			isa = XCConfigurationList;
			buildConfigurations = (
				20464C521C75C43600A5E262 /* Debug */,
				20464C531C75C43600A5E262 /* Release */,
			);
			defaultConfigurationIsVisible = 0;
			defaultConfigurationName = Release;
		};
/* End XCConfigurationList section */
	};
	rootObject = 20464C161C75C43600A5E262 /* Project object */;
}
